
Microsoft Visual Studio Solution File, Format Version 12.00
# Visual Studio Version 16
VisualStudioVersion = 16.0.29926.136
MinimumVisualStudioVersion = 10.0.40219.1
Project("{8BC9CEB8-8B4A-11D0-8D11-00A0C91BC942}") = "ConsoleApplication1", "ConsoleApplication1\ConsoleApplication1.vcxproj", "{F7355BD1-7E11-433E-A2AE-4FE8FEE0ED33}"
EndProject
Global
	GlobalSection(SolutionConfigurationPlatforms) = preSolution
		Debug|x64 = Debug|x64
		Debug|x86 = Debug|x86
		Release|x64 = Release|x64
		Release|x86 = Release|x86
	EndGlobalSection
	GlobalSection(ProjectConfigurationPlatforms) = postSolution
		{F7355BD1-7E11-433E-A2AE-4FE8FEE0ED33}.Debug|x64.ActiveCfg = Debug|x64
		{F7355BD1-7E11-433E-A2AE-4FE8FEE0ED33}.Debug|x64.Build.0 = Debug|x64
		{F7355BD1-7E11-433E-A2AE-4FE8FEE0ED33}.Debug|x86.ActiveCfg = Debug|Win32
		{F7355BD1-7E11-433E-A2AE-4FE8FEE0ED33}.Debug|x86.Build.0 = Debug|Win32
		{F7355BD1-7E11-433E-A2AE-4FE8FEE0ED33}.Release|x64.ActiveCfg = Release|x64
		{F7355BD1-7E11-433E-A2AE-4FE8FEE0ED33}.Release|x64.Build.0 = Release|x64
		{F7355BD1-7E11-433E-A2AE-4FE8FEE0ED33}.Release|x86.ActiveCfg = Release|Win32
		{F7355BD1-7E11-433E-A2AE-4FE8FEE0ED33}.Release|x86.Build.0 = Release|Win32
	EndGlobalSection
	GlobalSection(SolutionProperties) = preSolution
		HideSolutionNode = FALSE
	EndGlobalSection
	GlobalSection(ExtensibilityGlobals) = postSolution
		SolutionGuid = {5E109A53-435A-42E8-A042-47CC1CAAFE19}
	EndGlobalSection
EndGlobal
